// !$*UTF8*$!
{
	archiveVersion = 1;
	classes = {
	};
	objectVersion = 46;
	objects = {

/* Begin PBXBuildFile section */
		8B720FE01C46B7DF000089F8 /* main.m in Sources */ = {isa = PBXBuildFile; fileRef = 8B720FDF1C46B7DF000089F8 /* main.m */; };
		8B720FE31C46B7DF000089F8 /* AppDelegate.m in Sources */ = {isa = PBXBuildFile; fileRef = 8B720FE21C46B7DF000089F8 /* AppDelegate.m */; };
		8B720FE61C46B7DF000089F8 /* ViewController.m in Sources */ = {isa = PBXBuildFile; fileRef = 8B720FE51C46B7DF000089F8 /* ViewController.m */; };
		8B720FE91C46B7DF000089F8 /* Main.storyboard in Resources */ = {isa = PBXBuildFile; fileRef = 8B720FE71C46B7DF000089F8 /* Main.storyboard */; };
		8B720FEB1C46B7DF000089F8 /* Assets.xcassets in Resources */ = {isa = PBXBuildFile; fileRef = 8B720FEA1C46B7DF000089F8 /* Assets.xcassets */; };
		8B720FEE1C46B7DF000089F8 /* LaunchScreen.storyboard in Resources */ = {isa = PBXBuildFile; fileRef = 8B720FEC1C46B7DF000089F8 /* LaunchScreen.storyboard */; };
/* End PBXBuildFile section */

/* Begin PBXFileReference section */
		8B720FDB1C46B7DF000089F8 /* NoOrphans.app */ = {isa = PBXFileReference; explicitFileType = wrapper.application; includeInIndex = 0; path = NoOrphans.app; sourceTree = BUILT_PRODUCTS_DIR; };
		8B720FDF1C46B7DF000089F8 /* main.m */ = {isa = PBXFileReference; lastKnownFileType = sourcecode.c.objc; path = main.m; sourceTree = "<group>"; };
		8B720FE11C46B7DF000089F8 /* AppDelegate.h */ = {isa = PBXFileReference; lastKnownFileType = sourcecode.c.h; path = AppDelegate.h; sourceTree = "<group>"; };
		8B720FE21C46B7DF000089F8 /* AppDelegate.m */ = {isa = PBXFileReference; lastKnownFileType = sourcecode.c.objc; path = AppDelegate.m; sourceTree = "<group>"; };
		8B720FE41C46B7DF000089F8 /* ViewController.h */ = {isa = PBXFileReference; lastKnownFileType = sourcecode.c.h; path = ViewController.h; sourceTree = "<group>"; };
		8B720FE51C46B7DF000089F8 /* ViewController.m */ = {isa = PBXFileReference; lastKnownFileType = sourcecode.c.objc; path = ViewController.m; sourceTree = "<group>"; };
		8B720FE81C46B7DF000089F8 /* Base */ = {isa = PBXFileReference; lastKnownFileType = file.storyboard; name = Base; path = Base.lproj/Main.storyboard; sourceTree = "<group>"; };
		8B720FEA1C46B7DF000089F8 /* Assets.xcassets */ = {isa = PBXFileReference; lastKnownFileType = folder.assetcatalog; path = Assets.xcassets; sourceTree = "<group>"; };
		8B720FED1C46B7DF000089F8 /* Base */ = {isa = PBXFileReference; lastKnownFileType = file.storyboard; name = Base; path = Base.lproj/LaunchScreen.storyboard; sourceTree = "<group>"; };
		8B720FEF1C46B7DF000089F8 /* Info.plist */ = {isa = PBXFileReference; lastKnownFileType = text.plist.xml; path = Info.plist; sourceTree = "<group>"; };
/* End PBXFileReference section */

/* Begin PBXFrameworksBuildPhase section */
		8B720FD81C46B7DF000089F8 /* Frameworks */ = {
			isa = PBXFrameworksBuildPhase;
			buildActionMask = 2147483647;
			files = (
			);
			runOnlyForDeploymentPostprocessing = 0;
		};
/* End PBXFrameworksBuildPhase section */

/* Begin PBXGroup section */
		8B720FD21C46B7DF000089F8 = {
			isa = PBXGroup;
			children = (
				8B720FDD1C46B7DF000089F8 /* NoOrphans */,
				8B720FDC1C46B7DF000089F8 /* Products */,
			);
			sourceTree = "<group>";
		};
		8B720FDC1C46B7DF000089F8 /* Products */ = {
			isa = PBXGroup;
			children = (
				8B720FDB1C46B7DF000089F8 /* NoOrphans.app */,
			);
			name = Products;
			sourceTree = "<group>";
		};
		8B720FDD1C46B7DF000089F8 /* NoOrphans */ = {
			isa = PBXGroup;
			children = (
				8B720FE11C46B7DF000089F8 /* AppDelegate.h */,
				8B720FE21C46B7DF000089F8 /* AppDelegate.m */,
				8B720FE41C46B7DF000089F8 /* ViewController.h */,
				8B720FE51C46B7DF000089F8 /* ViewController.m */,
				8B720FE71C46B7DF000089F8 /* Main.storyboard */,
				8B720FEA1C46B7DF000089F8 /* Assets.xcassets */,
				8B720FEC1C46B7DF000089F8 /* LaunchScreen.storyboard */,
				8B720FEF1C46B7DF000089F8 /* Info.plist */,
				8B720FDE1C46B7DF000089F8 /* Supporting Files */,
			);
			path = NoOrphans;
			sourceTree = "<group>";
		};
		8B720FDE1C46B7DF000089F8 /* Supporting Files */ = {
			isa = PBXGroup;
			children = (
				8B720FDF1C46B7DF000089F8 /* main.m */,
			);
			name = "Supporting Files";
			sourceTree = "<group>";
		};
/* End PBXGroup section */

/* Begin PBXNativeTarget section */
		8B720FDA1C46B7DF000089F8 /* NoOrphans */ = {
			isa = PBXNativeTarget;
			buildConfigurationList = 8B720FF21C46B7DF000089F8 /* Build configuration list for PBXNativeTarget "NoOrphans" */;
			buildPhases = (
				8B720FD71C46B7DF000089F8 /* Sources */,
				8B720FD81C46B7DF000089F8 /* Frameworks */,
				8B720FD91C46B7DF000089F8 /* Resources */,
			);
			buildRules = (
			);
			dependencies = (
			);
			name = NoOrphans;
			productName = NoOrphans;
			productReference = 8B720FDB1C46B7DF000089F8 /* NoOrphans.app */;
			productType = "com.apple.product-type.application";
		};
/* End PBXNativeTarget section */

/* Begin PBXProject section */
		8B720FD31C46B7DF000089F8 /* Project object */ = {
			isa = PBXProject;
			attributes = {
				LastUpgradeCheck = 0720;
				ORGANIZATIONNAME = "Manuel Wudka-Robles";
				TargetAttributes = {
					8B720FDA1C46B7DF000089F8 = {
						CreatedOnToolsVersion = 7.2;
					};
				};
			};
			buildConfigurationList = 8B720FD61C46B7DF000089F8 /* Build configuration list for PBXProject "NoOrphans" */;
			compatibilityVersion = "Xcode 3.2";
			developmentRegion = English;
			hasScannedForEncodings = 0;
			knownRegions = (
				en,
				Base,
			);
			mainGroup = 8B720FD21C46B7DF000089F8;
			productRefGroup = 8B720FDC1C46B7DF000089F8 /* Products */;
			projectDirPath = "";
			projectRoot = "";
			targets = (
				8B720FDA1C46B7DF000089F8 /* NoOrphans */,
			);
		};
/* End PBXProject section */

/* Begin PBXResourcesBuildPhase section */
		8B720FD91C46B7DF000089F8 /* Resources */ = {
			isa = PBXResourcesBuildPhase;
			buildActionMask = 2147483647;
			files = (
				8B720FEE1C46B7DF000089F8 /* LaunchScreen.storyboard in Resources */,
				8B720FEB1C46B7DF000089F8 /* Assets.xcassets in Resources */,
				8B720FE91C46B7DF000089F8 /* Main.storyboard in Resources */,
			);
			runOnlyForDeploymentPostprocessing = 0;
		};
/* End PBXResourcesBuildPhase section */

/* Begin PBXSourcesBuildPhase section */
		8B720FD71C46B7DF000089F8 /* Sources */ = {
			isa = PBXSourcesBuildPhase;
			buildActionMask = 2147483647;
			files = (
				8B720FE61C46B7DF000089F8 /* ViewController.m in Sources */,
				8B720FE31C46B7DF000089F8 /* AppDelegate.m in Sources */,
				8B720FE01C46B7DF000089F8 /* main.m in Sources */,
			);
			runOnlyForDeploymentPostprocessing = 0;
		};
/* End PBXSourcesBuildPhase section */

/* Begin PBXVariantGroup section */
		8B720FE71C46B7DF000089F8 /* Main.storyboard */ = {
			isa = PBXVariantGroup;
			children = (
				8B720FE81C46B7DF000089F8 /* Base */,
			);
			name = Main.storyboard;
			sourceTree = "<group>";
		};
		8B720FEC1C46B7DF000089F8 /* LaunchScreen.storyboard */ = {
			isa = PBXVariantGroup;
			children = (
				8B720FED1C46B7DF000089F8 /* Base */,
			);
			name = LaunchScreen.storyboard;
			sourceTree = "<group>";
		};
/* End PBXVariantGroup section */

/* Begin XCBuildConfiguration section */
		8B720FF01C46B7DF000089F8 /* Debug */ = {
			isa = XCBuildConfiguration;
			buildSettings = {
				ALWAYS_SEARCH_USER_PATHS = NO;
				CLANG_CXX_LANGUAGE_STANDARD = "gnu++0x";
				CLANG_CXX_LIBRARY = "libc++";
				CLANG_ENABLE_MODULES = YES;
				CLANG_ENABLE_OBJC_ARC = YES;
				CLANG_WARN_BOOL_CONVERSION = YES;
				CLANG_WARN_CONSTANT_CONVERSION = YES;
				CLANG_WARN_DIRECT_OBJC_ISA_USAGE = YES_ERROR;
				CLANG_WARN_EMPTY_BODY = YES;
				CLANG_WARN_ENUM_CONVERSION = YES;
				CLANG_WARN_INT_CONVERSION = YES;
				CLANG_WARN_OBJC_ROOT_CLASS = YES_ERROR;
				CLANG_WARN_UNREACHABLE_CODE = YES;
				CLANG_WARN__DUPLICATE_METHOD_MATCH = YES;
				"CODE_SIGN_IDENTITY[sdk=iphoneos*]" = "iPhone Developer";
				COPY_PHASE_STRIP = NO;
				DEBUG_INFORMATION_FORMAT = dwarf;
				ENABLE_STRICT_OBJC_MSGSEND = YES;
				ENABLE_TESTABILITY = YES;
				GCC_C_LANGUAGE_STANDARD = gnu99;
				GCC_DYNAMIC_NO_PIC = NO;
				GCC_NO_COMMON_BLOCKS = YES;
				GCC_OPTIMIZATION_LEVEL = 0;
				GCC_PREPROCESSOR_DEFINITIONS = (
					"DEBUG=1",
					"$(inherited)",
				);
				GCC_WARN_64_TO_32_BIT_CONVERSION = YES;
				GCC_WARN_ABOUT_RETURN_TYPE = YES_ERROR;
				GCC_WARN_UNDECLARED_SELECTOR = YES;
				GCC_WARN_UNINITIALIZED_AUTOS = YES_AGGRESSIVE;
				GCC_WARN_UNUSED_FUNCTION = YES;
				GCC_WARN_UNUSED_VARIABLE = YES;
				IPHONEOS_DEPLOYMENT_TARGET = 9.2;
				MTL_ENABLE_DEBUG_INFO = YES;
				ONLY_ACTIVE_ARCH = YES;
				SDKROOT = iphoneos;
				TARGETED_DEVICE_FAMILY = "1,2";
			};
			name = Debug;
		};
		8B720FF11C46B7DF000089F8 /* Release */ = {
			isa = XCBuildConfiguration;
			buildSettings = {
				ALWAYS_SEARCH_USER_PATHS = NO;
				CLANG_CXX_LANGUAGE_STANDARD = "gnu++0x";
				CLANG_CXX_LIBRARY = "libc++";
				CLANG_ENABLE_MODULES = YES;
				CLANG_ENABLE_OBJC_ARC = YES;
				CLANG_WARN_BOOL_CONVERSION = YES;
				CLANG_WARN_CONSTANT_CONVERSION = YES;
				CLANG_WARN_DIRECT_OBJC_ISA_USAGE = YES_ERROR;
				CLANG_WARN_EMPTY_BODY = YES;
				CLANG_WARN_ENUM_CONVERSION = YES;
				CLANG_WARN_INT_CONVERSION = YES;
				CLANG_WARN_OBJC_ROOT_CLASS = YES_ERROR;
				CLANG_WARN_UNREACHABLE_CODE = YES;
				CLANG_WARN__DUPLICATE_METHOD_MATCH = YES;
				"CODE_SIGN_IDENTITY[sdk=iphoneos*]" = "iPhone Developer";
				COPY_PHASE_STRIP = NO;
				DEBUG_INFORMATION_FORMAT = "dwarf-with-dsym";
				ENABLE_NS_ASSERTIONS = NO;
				ENABLE_STRICT_OBJC_MSGSEND = YES;
				GCC_C_LANGUAGE_STANDARD = gnu99;
				GCC_NO_COMMON_BLOCKS = YES;
				GCC_WARN_64_TO_32_BIT_CONVERSION = YES;
				GCC_WARN_ABOUT_RETURN_TYPE = YES_ERROR;
				GCC_WARN_UNDECLARED_SELECTOR = YES;
				GCC_WARN_UNINITIALIZED_AUTOS = YES_AGGRESSIVE;
				GCC_WARN_UNUSED_FUNCTION = YES;
				GCC_WARN_UNUSED_VARIABLE = YES;
				IPHONEOS_DEPLOYMENT_TARGET = 9.2;
				MTL_ENABLE_DEBUG_INFO = NO;
				SDKROOT = iphoneos;
				TARGETED_DEVICE_FAMILY = "1,2";
				VALIDATE_PRODUCT = YES;
			};
			name = Release;
		};
		8B720FF31C46B7DF000089F8 /* Debug */ = {
			isa = XCBuildConfiguration;
			buildSettings = {
				ASSETCATALOG_COMPILER_APPICON_NAME = AppIcon;
				INFOPLIST_FILE = NoOrphans/Info.plist;
				LD_RUNPATH_SEARCH_PATHS = "$(inherited) @executable_path/Frameworks";
				PRODUCT_BUNDLE_IDENTIFIER = com.mwudka.NoOrphans;
				PRODUCT_NAME = "$(TARGET_NAME)";
			};
			name = Debug;
		};
		8B720FF41C46B7DF000089F8 /* Release */ = {
			isa = XCBuildConfiguration;
			buildSettings = {
				ASSETCATALOG_COMPILER_APPICON_NAME = AppIcon;
				INFOPLIST_FILE = NoOrphans/Info.plist;
				LD_RUNPATH_SEARCH_PATHS = "$(inherited) @executable_path/Frameworks";
				PRODUCT_BUNDLE_IDENTIFIER = com.mwudka.NoOrphans;
				PRODUCT_NAME = "$(TARGET_NAME)";
			};
			name = Release;
		};
/* End XCBuildConfiguration section */

/* Begin XCConfigurationList section */
		8B720FD61C46B7DF000089F8 /* Build configuration list for PBXProject "NoOrphans" */ = {
			isa = XCConfigurationList;
			buildConfigurations = (
				8B720FF01C46B7DF000089F8 /* Debug */,
				8B720FF11C46B7DF000089F8 /* Release */,
			);
			defaultConfigurationIsVisible = 0;
			defaultConfigurationName = Release;
		};
		8B720FF21C46B7DF000089F8 /* Build configuration list for PBXNativeTarget "NoOrphans" */ = {
			isa = XCConfigurationList;
			buildConfigurations = (
				8B720FF31C46B7DF000089F8 /* Debug */,
				8B720FF41C46B7DF000089F8 /* Release */,
			);
			defaultConfigurationIsVisible = 0;
		};
/* End XCConfigurationList section */
	};
	rootObject = 8B720FD31C46B7DF000089F8 /* Project object */;
}
